// !$*UTF8*$!
{
	archiveVersion = 1;
	classes = {
	};
	objectVersion = 50;
	objects = {

/* Begin PBXBuildFile section */
		87A8B39ADEA45985AF4D5CB2 /* Pods_etherWalletTest.framework in Frameworks */ = {isa = PBXBuildFile; fileRef = 01C61430A4BC982742AB197C /* Pods_etherWalletTest.framework */; };
		BD2CC7822100865100AE0124 /* TokenData.swift in Sources */ = {isa = PBXBuildFile; fileRef = BD2CC7812100865100AE0124 /* TokenData.swift */; };
		BD2CC7862101819000AE0124 /* Images.xcassets in Resources */ = {isa = PBXBuildFile; fileRef = BD2CC7852101819000AE0124 /* Images.xcassets */; };
		BD45410720FB7FA60069A731 /* AppDelegate.swift in Sources */ = {isa = PBXBuildFile; fileRef = BD45410620FB7FA60069A731 /* AppDelegate.swift */; };
		BD45410920FB7FA60069A731 /* mainViewController.swift in Sources */ = {isa = PBXBuildFile; fileRef = BD45410820FB7FA60069A731 /* mainViewController.swift */; };
		BD45411120FB7FA80069A731 /* LaunchScreen.storyboard in Resources */ = {isa = PBXBuildFile; fileRef = BD45410F20FB7FA80069A731 /* LaunchScreen.storyboard */; };
		BD45411F20FB90320069A731 /* Default-568h@2x.png in Resources */ = {isa = PBXBuildFile; fileRef = BD45411E20FB90320069A731 /* Default-568h@2x.png */; };
		BD45412A20FC33100069A731 /* WalletTableViewCell.swift in Sources */ = {isa = PBXBuildFile; fileRef = BD45412820FC33100069A731 /* WalletTableViewCell.swift */; };
		BD45412B20FC33100069A731 /* WalletTableViewCell.xib in Resources */ = {isa = PBXBuildFile; fileRef = BD45412920FC33100069A731 /* WalletTableViewCell.xib */; };
		BD45412E20FC39A30069A731 /* WalletTableViewController.swift in Sources */ = {isa = PBXBuildFile; fileRef = BD45412D20FC39A30069A731 /* WalletTableViewController.swift */; };
		BD45413220FC52A10069A731 /* ImportWalletViewController.swift in Sources */ = {isa = PBXBuildFile; fileRef = BD45413120FC52A10069A731 /* ImportWalletViewController.swift */; };
		BD45413420FC5D0E0069A731 /* CreatMnemonicViewController.swift in Sources */ = {isa = PBXBuildFile; fileRef = BD45413320FC5D0D0069A731 /* CreatMnemonicViewController.swift */; };
		BD45413620FC79480069A731 /* EthWalletManager.swift in Sources */ = {isa = PBXBuildFile; fileRef = BD45413520FC79480069A731 /* EthWalletManager.swift */; };
		BD45413820FC7A700069A731 /* Strings.swift in Sources */ = {isa = PBXBuildFile; fileRef = BD45413720FC7A700069A731 /* Strings.swift */; };
		BD45413A20FC89F70069A731 /* CreateImportViewController.swift in Sources */ = {isa = PBXBuildFile; fileRef = BD45413920FC89F70069A731 /* CreateImportViewController.swift */; };
		BD7064BD20FEE1EF00D26585 /* WalletDetailViewController.swift in Sources */ = {isa = PBXBuildFile; fileRef = BD7064BC20FEE1EF00D26585 /* WalletDetailViewController.swift */; };
		BD7064E120FF10C300D26585 /* SendDetialViewController.swift in Sources */ = {isa = PBXBuildFile; fileRef = BD7064E020FF10C300D26585 /* SendDetialViewController.swift */; };
		BDB4F86C20FDD9E500F9DAAD /* CoinData.swift in Sources */ = {isa = PBXBuildFile; fileRef = BDB4F86B20FDD9E500F9DAAD /* CoinData.swift */; };
		BDB7E75821001F3600FF142F /* CoinTypesTableViewCell.swift in Sources */ = {isa = PBXBuildFile; fileRef = BDB7E75621001F3600FF142F /* CoinTypesTableViewCell.swift */; };
		BDB7E75921001F3600FF142F /* CoinTypesTableViewCell.xib in Resources */ = {isa = PBXBuildFile; fileRef = BDB7E75721001F3600FF142F /* CoinTypesTableViewCell.xib */; };
		BDB7E75B21002A5900FF142F /* AddCustomCoinViewController.swift in Sources */ = {isa = PBXBuildFile; fileRef = BDB7E75A21002A5900FF142F /* AddCustomCoinViewController.swift */; };
		BDB7E75F21003E1C00FF142F /* AddNewWalletTableViewController.swift in Sources */ = {isa = PBXBuildFile; fileRef = BDB7E75E21003E1C00FF142F /* AddNewWalletTableViewController.swift */; };
		BDB7E761210044E000FF142F /* WalletTypes.swift in Sources */ = {isa = PBXBuildFile; fileRef = BDB7E760210044E000FF142F /* WalletTypes.swift */; };
		BDE5BF2220FDFF9300328104 /* Main.storyboard in Resources */ = {isa = PBXBuildFile; fileRef = BD45410A20FB7FA60069A731 /* Main.storyboard */; };
/* End PBXBuildFile section */

/* Begin PBXFileReference section */
		01C61430A4BC982742AB197C /* Pods_etherWalletTest.framework */ = {isa = PBXFileReference; explicitFileType = wrapper.framework; includeInIndex = 0; path = Pods_etherWalletTest.framework; sourceTree = BUILT_PRODUCTS_DIR; };
		3B2198A76F2F9D69BB7304A3 /* Pods-etherWalletTest.release.xcconfig */ = {isa = PBXFileReference; includeInIndex = 1; lastKnownFileType = text.xcconfig; name = "Pods-etherWalletTest.release.xcconfig"; path = "Pods/Target Support Files/Pods-etherWalletTest/Pods-etherWalletTest.release.xcconfig"; sourceTree = "<group>"; };
		4C21D93023A00DC7E7F535AC /* Pods-etherWalletTest.debug.xcconfig */ = {isa = PBXFileReference; includeInIndex = 1; lastKnownFileType = text.xcconfig; name = "Pods-etherWalletTest.debug.xcconfig"; path = "Pods/Target Support Files/Pods-etherWalletTest/Pods-etherWalletTest.debug.xcconfig"; sourceTree = "<group>"; };
		BD2CC7812100865100AE0124 /* TokenData.swift */ = {isa = PBXFileReference; lastKnownFileType = sourcecode.swift; path = TokenData.swift; sourceTree = "<group>"; };
		BD2CC7852101819000AE0124 /* Images.xcassets */ = {isa = PBXFileReference; lastKnownFileType = folder.assetcatalog; path = Images.xcassets; sourceTree = "<group>"; };
		BD45410320FB7FA60069A731 /* etherWalletTest.app */ = {isa = PBXFileReference; explicitFileType = wrapper.application; includeInIndex = 0; path = etherWalletTest.app; sourceTree = BUILT_PRODUCTS_DIR; };
		BD45410620FB7FA60069A731 /* AppDelegate.swift */ = {isa = PBXFileReference; lastKnownFileType = sourcecode.swift; path = AppDelegate.swift; sourceTree = "<group>"; };
		BD45410820FB7FA60069A731 /* mainViewController.swift */ = {isa = PBXFileReference; lastKnownFileType = sourcecode.swift; path = mainViewController.swift; sourceTree = "<group>"; };
		BD45410B20FB7FA60069A731 /* Base */ = {isa = PBXFileReference; lastKnownFileType = file.storyboard; name = Base; path = Base.lproj/Main.storyboard; sourceTree = "<group>"; };
		BD45411020FB7FA80069A731 /* Base */ = {isa = PBXFileReference; lastKnownFileType = file.storyboard; name = Base; path = Base.lproj/LaunchScreen.storyboard; sourceTree = "<group>"; };
		BD45411220FB7FA80069A731 /* Info.plist */ = {isa = PBXFileReference; lastKnownFileType = text.plist.xml; path = Info.plist; sourceTree = "<group>"; };
		BD45411E20FB90320069A731 /* Default-568h@2x.png */ = {isa = PBXFileReference; lastKnownFileType = image.png; path = "Default-568h@2x.png"; sourceTree = "<group>"; };
		BD45412820FC33100069A731 /* WalletTableViewCell.swift */ = {isa = PBXFileReference; lastKnownFileType = sourcecode.swift; path = WalletTableViewCell.swift; sourceTree = "<group>"; };
		BD45412920FC33100069A731 /* WalletTableViewCell.xib */ = {isa = PBXFileReference; lastKnownFileType = file.xib; path = WalletTableViewCell.xib; sourceTree = "<group>"; };
		BD45412D20FC39A30069A731 /* WalletTableViewController.swift */ = {isa = PBXFileReference; lastKnownFileType = sourcecode.swift; path = WalletTableViewController.swift; sourceTree = "<group>"; };
		BD45413120FC52A10069A731 /* ImportWalletViewController.swift */ = {isa = PBXFileReference; lastKnownFileType = sourcecode.swift; path = ImportWalletViewController.swift; sourceTree = "<group>"; };
		BD45413320FC5D0D0069A731 /* CreatMnemonicViewController.swift */ = {isa = PBXFileReference; fileEncoding = 4; lastKnownFileType = sourcecode.swift; path = CreatMnemonicViewController.swift; sourceTree = "<group>"; };
		BD45413520FC79480069A731 /* EthWalletManager.swift */ = {isa = PBXFileReference; lastKnownFileType = sourcecode.swift; path = EthWalletManager.swift; sourceTree = "<group>"; };
		BD45413720FC7A700069A731 /* Strings.swift */ = {isa = PBXFileReference; lastKnownFileType = sourcecode.swift; path = Strings.swift; sourceTree = "<group>"; };
		BD45413920FC89F70069A731 /* CreateImportViewController.swift */ = {isa = PBXFileReference; lastKnownFileType = sourcecode.swift; path = CreateImportViewController.swift; sourceTree = "<group>"; };
		BD7064BC20FEE1EF00D26585 /* WalletDetailViewController.swift */ = {isa = PBXFileReference; lastKnownFileType = sourcecode.swift; path = WalletDetailViewController.swift; sourceTree = "<group>"; };
		BD7064E020FF10C300D26585 /* SendDetialViewController.swift */ = {isa = PBXFileReference; lastKnownFileType = sourcecode.swift; path = SendDetialViewController.swift; sourceTree = "<group>"; };
		BDB4F86B20FDD9E500F9DAAD /* CoinData.swift */ = {isa = PBXFileReference; lastKnownFileType = sourcecode.swift; path = CoinData.swift; sourceTree = "<group>"; };
		BDB7E75621001F3600FF142F /* CoinTypesTableViewCell.swift */ = {isa = PBXFileReference; lastKnownFileType = sourcecode.swift; path = CoinTypesTableViewCell.swift; sourceTree = "<group>"; };
		BDB7E75721001F3600FF142F /* CoinTypesTableViewCell.xib */ = {isa = PBXFileReference; lastKnownFileType = file.xib; path = CoinTypesTableViewCell.xib; sourceTree = "<group>"; };
		BDB7E75A21002A5900FF142F /* AddCustomCoinViewController.swift */ = {isa = PBXFileReference; lastKnownFileType = sourcecode.swift; path = AddCustomCoinViewController.swift; sourceTree = "<group>"; };
		BDB7E75E21003E1C00FF142F /* AddNewWalletTableViewController.swift */ = {isa = PBXFileReference; lastKnownFileType = sourcecode.swift; path = AddNewWalletTableViewController.swift; sourceTree = "<group>"; };
		BDB7E760210044E000FF142F /* WalletTypes.swift */ = {isa = PBXFileReference; lastKnownFileType = sourcecode.swift; path = WalletTypes.swift; sourceTree = "<group>"; };
/* End PBXFileReference section */

/* Begin PBXFrameworksBuildPhase section */
		BD45410020FB7FA60069A731 /* Frameworks */ = {
			isa = PBXFrameworksBuildPhase;
			buildActionMask = 2147483647;
			files = (
				87A8B39ADEA45985AF4D5CB2 /* Pods_etherWalletTest.framework in Frameworks */,
			);
			runOnlyForDeploymentPostprocessing = 0;
		};
/* End PBXFrameworksBuildPhase section */

/* Begin PBXGroup section */
		16040E90017DDE742C966A6B /* Frameworks */ = {
			isa = PBXGroup;
			children = (
				01C61430A4BC982742AB197C /* Pods_etherWalletTest.framework */,
			);
			name = Frameworks;
			sourceTree = "<group>";
		};
		BD2CC78821018B5200AE0124 /* RealmObjects */ = {
			isa = PBXGroup;
			children = (
				BDB4F86B20FDD9E500F9DAAD /* CoinData.swift */,
				BD2CC7812100865100AE0124 /* TokenData.swift */,
			);
			path = RealmObjects;
			sourceTree = "<group>";
		};
		BD4540FA20FB7FA60069A731 = {
			isa = PBXGroup;
			children = (
				BD45411E20FB90320069A731 /* Default-568h@2x.png */,
				BD45410520FB7FA60069A731 /* etherWalletTest */,
				BD45410420FB7FA60069A731 /* Products */,
				DE8D3A41F63A126C84330B5F /* Pods */,
				16040E90017DDE742C966A6B /* Frameworks */,
			);
			sourceTree = "<group>";
		};
		BD45410420FB7FA60069A731 /* Products */ = {
			isa = PBXGroup;
			children = (
				BD45410320FB7FA60069A731 /* etherWalletTest.app */,
			);
			name = Products;
			sourceTree = "<group>";
		};
		BD45410520FB7FA60069A731 /* etherWalletTest */ = {
			isa = PBXGroup;
			children = (
				BD45410620FB7FA60069A731 /* AppDelegate.swift */,
				BD45411820FB7FBD0069A731 /* View */,
				BD45411920FB7FC60069A731 /* Model */,
				BD45411A20FB7FCB0069A731 /* Controller */,
				BD45411D20FB8FC00069A731 /* Supporting */,
				BD45411220FB7FA80069A731 /* Info.plist */,
			);
			path = etherWalletTest;
			sourceTree = "<group>";
		};
		BD45411820FB7FBD0069A731 /* View */ = {
			isa = PBXGroup;
			children = (
				BD45410F20FB7FA80069A731 /* LaunchScreen.storyboard */,
				BD45410A20FB7FA60069A731 /* Main.storyboard */,
				BD45412C20FC332F0069A731 /* CustomCells */,
			);
			path = View;
			sourceTree = "<group>";
		};
		BD45411920FB7FC60069A731 /* Model */ = {
			isa = PBXGroup;
			children = (
				BD45413720FC7A700069A731 /* Strings.swift */,
				BD45413520FC79480069A731 /* EthWalletManager.swift */,
				BDB7E760210044E000FF142F /* WalletTypes.swift */,
				BD2CC78821018B5200AE0124 /* RealmObjects */,
			);
			path = Model;
			sourceTree = "<group>";
		};
		BD45411A20FB7FCB0069A731 /* Controller */ = {
			isa = PBXGroup;
			children = (
				BD45410820FB7FA60069A731 /* mainViewController.swift */,
				BD45413920FC89F70069A731 /* CreateImportViewController.swift */,
				BD45413320FC5D0D0069A731 /* CreatMnemonicViewController.swift */,
				BD45413120FC52A10069A731 /* ImportWalletViewController.swift */,
				BD45412D20FC39A30069A731 /* WalletTableViewController.swift */,
				BD7064BC20FEE1EF00D26585 /* WalletDetailViewController.swift */,
				BD7064E020FF10C300D26585 /* SendDetialViewController.swift */,
				BDB7E75E21003E1C00FF142F /* AddNewWalletTableViewController.swift */,
				BDB7E75A21002A5900FF142F /* AddCustomCoinViewController.swift */,
			);
			path = Controller;
			sourceTree = "<group>";
		};
		BD45411D20FB8FC00069A731 /* Supporting */ = {
			isa = PBXGroup;
			children = (
				BD2CC7852101819000AE0124 /* Images.xcassets */,
			);
			path = Supporting;
			sourceTree = "<group>";
		};
		BD45412C20FC332F0069A731 /* CustomCells */ = {
			isa = PBXGroup;
			children = (
				BD45412820FC33100069A731 /* WalletTableViewCell.swift */,
				BD45412920FC33100069A731 /* WalletTableViewCell.xib */,
				BDB7E75621001F3600FF142F /* CoinTypesTableViewCell.swift */,
				BDB7E75721001F3600FF142F /* CoinTypesTableViewCell.xib */,
			);
			path = CustomCells;
			sourceTree = "<group>";
		};
		DE8D3A41F63A126C84330B5F /* Pods */ = {
			isa = PBXGroup;
			children = (
				4C21D93023A00DC7E7F535AC /* Pods-etherWalletTest.debug.xcconfig */,
				3B2198A76F2F9D69BB7304A3 /* Pods-etherWalletTest.release.xcconfig */,
			);
			name = Pods;
			sourceTree = "<group>";
		};
/* End PBXGroup section */

/* Begin PBXNativeTarget section */
		BD45410220FB7FA60069A731 /* etherWalletTest */ = {
			isa = PBXNativeTarget;
			buildConfigurationList = BD45411520FB7FA80069A731 /* Build configuration list for PBXNativeTarget "etherWalletTest" */;
			buildPhases = (
				DA8FBC7A9287197704175D4F /* [CP] Check Pods Manifest.lock */,
				BD4540FF20FB7FA60069A731 /* Sources */,
				BD45410020FB7FA60069A731 /* Frameworks */,
				BD45410120FB7FA60069A731 /* Resources */,
				53F0D94CB35A98599D4919BA /* [CP] Embed Pods Frameworks */,
			);
			buildRules = (
			);
			dependencies = (
			);
			name = etherWalletTest;
			productName = etherWalletTest;
			productReference = BD45410320FB7FA60069A731 /* etherWalletTest.app */;
			productType = "com.apple.product-type.application";
		};
/* End PBXNativeTarget section */

/* Begin PBXProject section */
		BD4540FB20FB7FA60069A731 /* Project object */ = {
			isa = PBXProject;
			attributes = {
				LastSwiftUpdateCheck = 0940;
				LastUpgradeCheck = 0940;
				ORGANIZATIONNAME = Activate;
				TargetAttributes = {
					BD45410220FB7FA60069A731 = {
						CreatedOnToolsVersion = 9.4.1;
					};
				};
			};
			buildConfigurationList = BD4540FE20FB7FA60069A731 /* Build configuration list for PBXProject "etherWalletTest" */;
			compatibilityVersion = "Xcode 9.3";
			developmentRegion = en;
			hasScannedForEncodings = 0;
			knownRegions = (
				en,
				Base,
			);
			mainGroup = BD4540FA20FB7FA60069A731;
			productRefGroup = BD45410420FB7FA60069A731 /* Products */;
			projectDirPath = "";
			projectRoot = "";
			targets = (
				BD45410220FB7FA60069A731 /* etherWalletTest */,
			);
		};
/* End PBXProject section */

/* Begin PBXResourcesBuildPhase section */
		BD45410120FB7FA60069A731 /* Resources */ = {
			isa = PBXResourcesBuildPhase;
			buildActionMask = 2147483647;
			files = (
				BD45411120FB7FA80069A731 /* LaunchScreen.storyboard in Resources */,
				BDE5BF2220FDFF9300328104 /* Main.storyboard in Resources */,
				BD45411F20FB90320069A731 /* Default-568h@2x.png in Resources */,
				BD2CC7862101819000AE0124 /* Images.xcassets in Resources */,
				BD45412B20FC33100069A731 /* WalletTableViewCell.xib in Resources */,
				BDB7E75921001F3600FF142F /* CoinTypesTableViewCell.xib in Resources */,
			);
			runOnlyForDeploymentPostprocessing = 0;
		};
/* End PBXResourcesBuildPhase section */

/* Begin PBXShellScriptBuildPhase section */
		53F0D94CB35A98599D4919BA /* [CP] Embed Pods Frameworks */ = {
			isa = PBXShellScriptBuildPhase;
			buildActionMask = 2147483647;
			files = (
			);
			inputPaths = (
				"${SRCROOT}/Pods/Target Support Files/Pods-etherWalletTest/Pods-etherWalletTest-frameworks.sh",
				"${BUILT_PRODUCTS_DIR}/Alamofire/Alamofire.framework",
				"${BUILT_PRODUCTS_DIR}/Alamofire-Synchronous/Alamofire_Synchronous.framework",
				"${BUILT_PRODUCTS_DIR}/BigInt/BigInt.framework",
				"${BUILT_PRODUCTS_DIR}/CryptoSwift/CryptoSwift.framework",
				"${BUILT_PRODUCTS_DIR}/QRCodeReader.swift/QRCodeReader.framework",
				"${BUILT_PRODUCTS_DIR}/Realm/Realm.framework",
				"${BUILT_PRODUCTS_DIR}/RealmSwift/RealmSwift.framework",
				"${BUILT_PRODUCTS_DIR}/Result/Result.framework",
				"${BUILT_PRODUCTS_DIR}/SVProgressHUD/SVProgressHUD.framework",
				"${BUILT_PRODUCTS_DIR}/SipHash/SipHash.framework",
				"${BUILT_PRODUCTS_DIR}/libsodium/libsodium.framework",
				"${BUILT_PRODUCTS_DIR}/secp256k1_ios/secp256k1_ios.framework",
				"${BUILT_PRODUCTS_DIR}/web3swift/web3swift.framework",
			);
			name = "[CP] Embed Pods Frameworks";
			outputPaths = (
				"${TARGET_BUILD_DIR}/${FRAMEWORKS_FOLDER_PATH}/Alamofire.framework",
				"${TARGET_BUILD_DIR}/${FRAMEWORKS_FOLDER_PATH}/Alamofire_Synchronous.framework",
				"${TARGET_BUILD_DIR}/${FRAMEWORKS_FOLDER_PATH}/BigInt.framework",
				"${TARGET_BUILD_DIR}/${FRAMEWORKS_FOLDER_PATH}/CryptoSwift.framework",
				"${TARGET_BUILD_DIR}/${FRAMEWORKS_FOLDER_PATH}/QRCodeReader.framework",
				"${TARGET_BUILD_DIR}/${FRAMEWORKS_FOLDER_PATH}/Realm.framework",
				"${TARGET_BUILD_DIR}/${FRAMEWORKS_FOLDER_PATH}/RealmSwift.framework",
				"${TARGET_BUILD_DIR}/${FRAMEWORKS_FOLDER_PATH}/Result.framework",
				"${TARGET_BUILD_DIR}/${FRAMEWORKS_FOLDER_PATH}/SVProgressHUD.framework",
				"${TARGET_BUILD_DIR}/${FRAMEWORKS_FOLDER_PATH}/SipHash.framework",
				"${TARGET_BUILD_DIR}/${FRAMEWORKS_FOLDER_PATH}/libsodium.framework",
				"${TARGET_BUILD_DIR}/${FRAMEWORKS_FOLDER_PATH}/secp256k1_ios.framework",
				"${TARGET_BUILD_DIR}/${FRAMEWORKS_FOLDER_PATH}/web3swift.framework",
			);
			runOnlyForDeploymentPostprocessing = 0;
			shellPath = /bin/sh;
			shellScript = "\"${SRCROOT}/Pods/Target Support Files/Pods-etherWalletTest/Pods-etherWalletTest-frameworks.sh\"\n";
			showEnvVarsInLog = 0;
		};
		DA8FBC7A9287197704175D4F /* [CP] Check Pods Manifest.lock */ = {
			isa = PBXShellScriptBuildPhase;
			buildActionMask = 2147483647;
			files = (
			);
			inputPaths = (
				"${PODS_PODFILE_DIR_PATH}/Podfile.lock",
				"${PODS_ROOT}/Manifest.lock",
			);
			name = "[CP] Check Pods Manifest.lock";
			outputPaths = (
				"$(DERIVED_FILE_DIR)/Pods-etherWalletTest-checkManifestLockResult.txt",
			);
			runOnlyForDeploymentPostprocessing = 0;
			shellPath = /bin/sh;
			shellScript = "diff \"${PODS_PODFILE_DIR_PATH}/Podfile.lock\" \"${PODS_ROOT}/Manifest.lock\" > /dev/null\nif [ $? != 0 ] ; then\n    # print error to STDERR\n    echo \"error: The sandbox is not in sync with the Podfile.lock. Run 'pod install' or update your CocoaPods installation.\" >&2\n    exit 1\nfi\n# This output is used by Xcode 'outputs' to avoid re-running this script phase.\necho \"SUCCESS\" > \"${SCRIPT_OUTPUT_FILE_0}\"\n";
			showEnvVarsInLog = 0;
		};
/* End PBXShellScriptBuildPhase section */

/* Begin PBXSourcesBuildPhase section */
		BD4540FF20FB7FA60069A731 /* Sources */ = {
			isa = PBXSourcesBuildPhase;
			buildActionMask = 2147483647;
			files = (
				BD45412A20FC33100069A731 /* WalletTableViewCell.swift in Sources */,
				BD45410920FB7FA60069A731 /* mainViewController.swift in Sources */,
				BD45413820FC7A700069A731 /* Strings.swift in Sources */,
				BD45413A20FC89F70069A731 /* CreateImportViewController.swift in Sources */,
				BDB7E75F21003E1C00FF142F /* AddNewWalletTableViewController.swift in Sources */,
				BDB4F86C20FDD9E500F9DAAD /* CoinData.swift in Sources */,
				BD7064E120FF10C300D26585 /* SendDetialViewController.swift in Sources */,
				BD45413620FC79480069A731 /* EthWalletManager.swift in Sources */,
				BDB7E75821001F3600FF142F /* CoinTypesTableViewCell.swift in Sources */,
				BD45412E20FC39A30069A731 /* WalletTableViewController.swift in Sources */,
				BD2CC7822100865100AE0124 /* TokenData.swift in Sources */,
				BDB7E761210044E000FF142F /* WalletTypes.swift in Sources */,
				BD45413220FC52A10069A731 /* ImportWalletViewController.swift in Sources */,
				BD7064BD20FEE1EF00D26585 /* WalletDetailViewController.swift in Sources */,
				BD45413420FC5D0E0069A731 /* CreatMnemonicViewController.swift in Sources */,
				BDB7E75B21002A5900FF142F /* AddCustomCoinViewController.swift in Sources */,
				BD45410720FB7FA60069A731 /* AppDelegate.swift in Sources */,
			);
			runOnlyForDeploymentPostprocessing = 0;
		};
/* End PBXSourcesBuildPhase section */

/* Begin PBXVariantGroup section */
		BD45410A20FB7FA60069A731 /* Main.storyboard */ = {
			isa = PBXVariantGroup;
			children = (
				BD45410B20FB7FA60069A731 /* Base */,
			);
			name = Main.storyboard;
			sourceTree = "<group>";
		};
		BD45410F20FB7FA80069A731 /* LaunchScreen.storyboard */ = {
			isa = PBXVariantGroup;
			children = (
				BD45411020FB7FA80069A731 /* Base */,
			);
			name = LaunchScreen.storyboard;
			sourceTree = "<group>";
		};
/* End PBXVariantGroup section */

/* Begin XCBuildConfiguration section */
		BD45411320FB7FA80069A731 /* Debug */ = {
			isa = XCBuildConfiguration;
			buildSettings = {
				ALWAYS_SEARCH_USER_PATHS = NO;
				CLANG_ANALYZER_NONNULL = YES;
				CLANG_ANALYZER_NUMBER_OBJECT_CONVERSION = YES_AGGRESSIVE;
				CLANG_CXX_LANGUAGE_STANDARD = "gnu++14";
				CLANG_CXX_LIBRARY = "libc++";
				CLANG_ENABLE_MODULES = YES;
				CLANG_ENABLE_OBJC_ARC = YES;
				CLANG_ENABLE_OBJC_WEAK = YES;
				CLANG_WARN_BLOCK_CAPTURE_AUTORELEASING = YES;
				CLANG_WARN_BOOL_CONVERSION = YES;
				CLANG_WARN_COMMA = YES;
				CLANG_WARN_CONSTANT_CONVERSION = YES;
				CLANG_WARN_DEPRECATED_OBJC_IMPLEMENTATIONS = YES;
				CLANG_WARN_DIRECT_OBJC_ISA_USAGE = YES_ERROR;
				CLANG_WARN_DOCUMENTATION_COMMENTS = YES;
				CLANG_WARN_EMPTY_BODY = YES;
				CLANG_WARN_ENUM_CONVERSION = YES;
				CLANG_WARN_INFINITE_RECURSION = YES;
				CLANG_WARN_INT_CONVERSION = YES;
				CLANG_WARN_NON_LITERAL_NULL_CONVERSION = YES;
				CLANG_WARN_OBJC_IMPLICIT_RETAIN_SELF = YES;
				CLANG_WARN_OBJC_LITERAL_CONVERSION = YES;
				CLANG_WARN_OBJC_ROOT_CLASS = YES_ERROR;
				CLANG_WARN_RANGE_LOOP_ANALYSIS = YES;
				CLANG_WARN_STRICT_PROTOTYPES = YES;
				CLANG_WARN_SUSPICIOUS_MOVE = YES;
				CLANG_WARN_UNGUARDED_AVAILABILITY = YES_AGGRESSIVE;
				CLANG_WARN_UNREACHABLE_CODE = YES;
				CLANG_WARN__DUPLICATE_METHOD_MATCH = YES;
				CODE_SIGN_IDENTITY = "iPhone Developer";
				COPY_PHASE_STRIP = NO;
				DEBUG_INFORMATION_FORMAT = dwarf;
				ENABLE_STRICT_OBJC_MSGSEND = YES;
				ENABLE_TESTABILITY = YES;
				GCC_C_LANGUAGE_STANDARD = gnu11;
				GCC_DYNAMIC_NO_PIC = NO;
				GCC_NO_COMMON_BLOCKS = YES;
				GCC_OPTIMIZATION_LEVEL = 0;
				GCC_PREPROCESSOR_DEFINITIONS = (
					"DEBUG=1",
					"$(inherited)",
				);
				GCC_WARN_64_TO_32_BIT_CONVERSION = YES;
				GCC_WARN_ABOUT_RETURN_TYPE = YES_ERROR;
				GCC_WARN_UNDECLARED_SELECTOR = YES;
				GCC_WARN_UNINITIALIZED_AUTOS = YES_AGGRESSIVE;
				GCC_WARN_UNUSED_FUNCTION = YES;
				GCC_WARN_UNUSED_VARIABLE = YES;
				IPHONEOS_DEPLOYMENT_TARGET = 11.4;
				MTL_ENABLE_DEBUG_INFO = YES;
				ONLY_ACTIVE_ARCH = YES;
				SDKROOT = iphoneos;
				SWIFT_ACTIVE_COMPILATION_CONDITIONS = DEBUG;
				SWIFT_OPTIMIZATION_LEVEL = "-Onone";
			};
			name = Debug;
		};
		BD45411420FB7FA80069A731 /* Release */ = {
			isa = XCBuildConfiguration;
			buildSettings = {
				ALWAYS_SEARCH_USER_PATHS = NO;
				CLANG_ANALYZER_NONNULL = YES;
				CLANG_ANALYZER_NUMBER_OBJECT_CONVERSION = YES_AGGRESSIVE;
				CLANG_CXX_LANGUAGE_STANDARD = "gnu++14";
				CLANG_CXX_LIBRARY = "libc++";
				CLANG_ENABLE_MODULES = YES;
				CLANG_ENABLE_OBJC_ARC = YES;
				CLANG_ENABLE_OBJC_WEAK = YES;
				CLANG_WARN_BLOCK_CAPTURE_AUTORELEASING = YES;
				CLANG_WARN_BOOL_CONVERSION = YES;
				CLANG_WARN_COMMA = YES;
				CLANG_WARN_CONSTANT_CONVERSION = YES;
				CLANG_WARN_DEPRECATED_OBJC_IMPLEMENTATIONS = YES;
				CLANG_WARN_DIRECT_OBJC_ISA_USAGE = YES_ERROR;
				CLANG_WARN_DOCUMENTATION_COMMENTS = YES;
				CLANG_WARN_EMPTY_BODY = YES;
				CLANG_WARN_ENUM_CONVERSION = YES;
				CLANG_WARN_INFINITE_RECURSION = YES;
				CLANG_WARN_INT_CONVERSION = YES;
				CLANG_WARN_NON_LITERAL_NULL_CONVERSION = YES;
				CLANG_WARN_OBJC_IMPLICIT_RETAIN_SELF = YES;
				CLANG_WARN_OBJC_LITERAL_CONVERSION = YES;
				CLANG_WARN_OBJC_ROOT_CLASS = YES_ERROR;
				CLANG_WARN_RANGE_LOOP_ANALYSIS = YES;
				CLANG_WARN_STRICT_PROTOTYPES = YES;
				CLANG_WARN_SUSPICIOUS_MOVE = YES;
				CLANG_WARN_UNGUARDED_AVAILABILITY = YES_AGGRESSIVE;
				CLANG_WARN_UNREACHABLE_CODE = YES;
				CLANG_WARN__DUPLICATE_METHOD_MATCH = YES;
				CODE_SIGN_IDENTITY = "iPhone Developer";
				COPY_PHASE_STRIP = NO;
				DEBUG_INFORMATION_FORMAT = "dwarf-with-dsym";
				ENABLE_NS_ASSERTIONS = NO;
				ENABLE_STRICT_OBJC_MSGSEND = YES;
				GCC_C_LANGUAGE_STANDARD = gnu11;
				GCC_NO_COMMON_BLOCKS = YES;
				GCC_WARN_64_TO_32_BIT_CONVERSION = YES;
				GCC_WARN_ABOUT_RETURN_TYPE = YES_ERROR;
				GCC_WARN_UNDECLARED_SELECTOR = YES;
				GCC_WARN_UNINITIALIZED_AUTOS = YES_AGGRESSIVE;
				GCC_WARN_UNUSED_FUNCTION = YES;
				GCC_WARN_UNUSED_VARIABLE = YES;
				IPHONEOS_DEPLOYMENT_TARGET = 11.4;
				MTL_ENABLE_DEBUG_INFO = NO;
				SDKROOT = iphoneos;
				SWIFT_COMPILATION_MODE = wholemodule;
				SWIFT_OPTIMIZATION_LEVEL = "-O";
				VALIDATE_PRODUCT = YES;
			};
			name = Release;
		};
		BD45411620FB7FA80069A731 /* Debug */ = {
			isa = XCBuildConfiguration;
			baseConfigurationReference = 4C21D93023A00DC7E7F535AC /* Pods-etherWalletTest.debug.xcconfig */;
			buildSettings = {
				ASSETCATALOG_COMPILER_APPICON_NAME = AppIcon;
				CODE_SIGN_STYLE = Automatic;
				INFOPLIST_FILE = etherWalletTest/Info.plist;
				LD_RUNPATH_SEARCH_PATHS = (
					"$(inherited)",
					"@executable_path/Frameworks",
				);
				PRODUCT_BUNDLE_IDENTIFIER = com.activate.aung.etherWalletTest;
				PRODUCT_NAME = "$(TARGET_NAME)";
				SWIFT_VERSION = 4.0;
				TARGETED_DEVICE_FAMILY = 1;
			};
			name = Debug;
		};
		BD45411720FB7FA80069A731 /* Release */ = {
			isa = XCBuildConfiguration;
			baseConfigurationReference = 3B2198A76F2F9D69BB7304A3 /* Pods-etherWalletTest.release.xcconfig */;
			buildSettings = {
				ASSETCATALOG_COMPILER_APPICON_NAME = AppIcon;
				CODE_SIGN_STYLE = Automatic;
				INFOPLIST_FILE = etherWalletTest/Info.plist;
				LD_RUNPATH_SEARCH_PATHS = (
					"$(inherited)",
					"@executable_path/Frameworks",
				);
				PRODUCT_BUNDLE_IDENTIFIER = com.activate.aung.etherWalletTest;
				PRODUCT_NAME = "$(TARGET_NAME)";
				SWIFT_VERSION = 4.0;
				TARGETED_DEVICE_FAMILY = 1;
			};
			name = Release;
		};
/* End XCBuildConfiguration section */

/* Begin XCConfigurationList section */
		BD4540FE20FB7FA60069A731 /* Build configuration list for PBXProject "etherWalletTest" */ = {
			isa = XCConfigurationList;
			buildConfigurations = (
				BD45411320FB7FA80069A731 /* Debug */,
				BD45411420FB7FA80069A731 /* Release */,
			);
			defaultConfigurationIsVisible = 0;
			defaultConfigurationName = Release;
		};
		BD45411520FB7FA80069A731 /* Build configuration list for PBXNativeTarget "etherWalletTest" */ = {
			isa = XCConfigurationList;
			buildConfigurations = (
				BD45411620FB7FA80069A731 /* Debug */,
				BD45411720FB7FA80069A731 /* Release */,
			);
			defaultConfigurationIsVisible = 0;
			defaultConfigurationName = Release;
		};
/* End XCConfigurationList section */
	};
	rootObject = BD4540FB20FB7FA60069A731 /* Project object */;
}
